{
  "version": 4,
  "terraform_version": "0.15.3",
  "serial": 3,
  "lineage": "61b7843f-cab9-5c7d-c0d1-c40ae2fe90a8",
  "outputs": {},
  "resources": [
    {
      "mode": "data",
      "type": "azurerm_client_config",
      "name": "current",
      "provider": "provider[\"registry.terraform.io/hashicorp/azurerm\"]",
      "instances": [
        {
          "schema_version": 0,
          "attributes": {
            "client_id": "51a291e9-3b5e-4951-91df-8e72ef451a93",
            "id": "2022-03-29 05:38:51.8505198 +0000 UTC",
            "object_id": "c0b7924e-fbe3-4126-ad69-00f8d6e82a11",
            "subscription_id": "100d644a-87d9-447d-9e30-41dbea1dc20f",
            "tenant_id": "cdc1d3d2-2bb9-498f-8206-21ac0b3ffa65",
            "timeouts": null
          },
          "sensitive_attributes": []
        }
      ]
    },
    {
      "mode": "data",
      "type": "azurerm_resource_group",
      "name": "rg_name",
      "provider": "provider[\"registry.terraform.io/hashicorp/azurerm\"]",
      "instances": [
        {
          "schema_version": 0,
          "attributes": {
            "id": "/subscriptions/100d644a-87d9-447d-9e30-41dbea1dc20f/resourceGroups/Test-RG01",
            "location": "eastus",
            "name": "Test-RG01",
            "tags": {},
            "timeouts": null
          },
          "sensitive_attributes": []
        }
      ]
    },
    {
      "mode": "managed",
      "type": "azurerm_mssql_server",
      "name": "kopi-sql-server",
      "provider": "provider[\"registry.terraform.io/hashicorp/azurerm\"]",
      "instances": [
        {
          "schema_version": 0,
          "attributes": {
            "administrator_login": "azadmin",
            "administrator_login_password": "Password@123",
            "azuread_administrator": [],
            "connection_policy": "Default",
            "extended_auditing_policy": [],
            "fully_qualified_domain_name": "sqlserver98678.database.windows.net",
            "id": "/subscriptions/100d644a-87d9-447d-9e30-41dbea1dc20f/resourceGroups/Test-RG01/providers/Microsoft.Sql/servers/sqlserver98678",
            "identity": [],
            "location": "eastus",
            "minimum_tls_version": "",
            "name": "sqlserver98678",
            "primary_user_assigned_identity_id": "",
            "public_network_access_enabled": false,
            "resource_group_name": "Test-RG01",
            "restorable_dropped_database_ids": [],
            "tags": null,
            "timeouts": null,
            "version": "12.0"
          },
          "sensitive_attributes": [],
          "private": "eyJlMmJmYjczMC1lY2FhLTExZTYtOGY4OC0zNDM2M2JjN2M0YzAiOnsiY3JlYXRlIjozNjAwMDAwMDAwMDAwLCJkZWxldGUiOjM2MDAwMDAwMDAwMDAsInJlYWQiOjMwMDAwMDAwMDAwMCwidXBkYXRlIjozNjAwMDAwMDAwMDAwfX0=",
          "dependencies": [
            "data.azurerm_resource_group.rg_name"
          ]
        }
      ]
    },
    {
      "mode": "managed",
      "type": "azurerm_sql_database",
      "name": "kopi-sql-db",
      "provider": "provider[\"registry.terraform.io/hashicorp/azurerm\"]",
      "instances": [
        {
          "schema_version": 0,
          "attributes": {
            "collation": "Latin1_General_CI_AS",
            "create_mode": "Default",
            "creation_date": "2022-03-29T05:42:34.647Z",
            "default_secondary_location": "West US",
            "edition": "Standard",
            "elastic_pool_name": "",
            "encryption": "",
            "extended_auditing_policy": [],
            "id": "/subscriptions/100d644a-87d9-447d-9e30-41dbea1dc20f/resourceGroups/Test-RG01/providers/Microsoft.Sql/servers/sqlserver98678/databases/kopi-db",
            "import": [],
            "location": "eastus",
            "max_size_bytes": "10737418240",
            "max_size_gb": null,
            "name": "kopi-db",
            "read_scale": false,
            "requested_service_objective_id": "f1173c43-91bd-4aaa-973c-54e79e15235b",
            "requested_service_objective_name": "S0",
            "resource_group_name": "Test-RG01",
            "restore_point_in_time": null,
            "server_name": "sqlserver98678",
            "source_database_deletion_date": null,
            "source_database_id": null,
            "tags": null,
            "threat_detection_policy": [
              {
                "disabled_alerts": [],
                "email_account_admins": "Disabled",
                "email_addresses": [],
                "retention_days": 0,
                "state": "Disabled",
                "storage_account_access_key": "",
                "storage_endpoint": "",
                "use_server_default": "Disabled"
              }
            ],
            "timeouts": null,
            "zone_redundant": false
          },
          "sensitive_attributes": [],
          "private": "eyJlMmJmYjczMC1lY2FhLTExZTYtOGY4OC0zNDM2M2JjN2M0YzAiOnsiY3JlYXRlIjozNjAwMDAwMDAwMDAwLCJkZWxldGUiOjM2MDAwMDAwMDAwMDAsInJlYWQiOjMwMDAwMDAwMDAwMCwidXBkYXRlIjozNjAwMDAwMDAwMDAwfX0=",
          "dependencies": [
            "azurerm_mssql_server.kopi-sql-server",
            "data.azurerm_resource_group.rg_name"
          ]
        }
      ]
    }
  ]
}
